<?xml version="1.0" encoding="UTF-8" standalone="yes" ?>
<CodeBlocks_project_file>
	<FileVersion major="1" minor="6" />
	<Project>
		<Option title="rtShow" />
		<Option makefile="makefile" />
		<Option pch_mode="2" />
		<Option compiler="gcc" />
		<Build>
			<Target title="default">
				<Option output="rtShow" prefix_auto="1" extension_auto="1" />
				<Option type="0" />
				<Option compiler="gcc" />
			</Target>
		</Build>
		<Unit filename="rtShowApp.cpp" />
		<Unit filename="rtShowApp.h" />
		<Unit filename="rtShowApp.rc">
			<Option compilerVar="CPP" />
		</Unit>
		<Unit filename="rtShowDlg.cpp" />
		<Unit filename="rtShowDlg.h" />
		<Unit filename="rtShowDlg.wxform" />
		<Extensions>
			<code_completion />
			<envvars />
			<debugger />
		</Extensions>
	</Project>
</CodeBlocks_project_file>
